<Solution>
  <Folder Name="/pack/">
    <Project Path="pack/Alexaka1.Analyzers.StructuredLogging/Package.csproj" />
  </Folder>
  <Folder Name="/samples/">
    <Project Path="samples/Net10Example/Net10Example.csproj" />
    <Project Path="samples/Net472Example/Net472Example.csproj" />
    <Project Path="samples/NetStandard20Example/NetStandard20Example.csproj" />
  </Folder>
  <Folder Name="/src/">
    <Project Path="src/Alexaka1.Analyzers.StructuredLogging/Analyzer.csproj" />
    <Project Path="src/Alexaka1.Analyzers.StructuredLogging.CodeFixes/CodeFixes.csproj" />
  </Folder>
  <Folder Name="/test/">
    <Project Path="test/Alexaka1.Analyzers.StructuredLogging.Tests/Alexaka1.Analyzers.StructuredLogging.Tests.csproj" />
  </Folder>
</Solution>
